version = 1
requires-python = ">=3.11"

[[distribution]]
name = "cv"
version = "0.1.0"
source = { editable = "." }
dependencies = [
    { name = "playwright" },
]

[distribution.dev-dependencies]
dev = [
    { name = "ruff" },
]

[[distribution]]
name = "greenlet"
version = "3.0.3"
source = { registry = "https://pypi.org/simple" }
sdist = { url = "https://files.pythonhosted.org/packages/17/14/3bddb1298b9a6786539ac609ba4b7c9c0842e12aa73aaa4d8d73ec8f8185/greenlet-3.0.3.tar.gz", hash = "sha256:43374442353259554ce33599da8b692d5aa96f8976d567d4badf263371fbe491", size = 182013 }
wheels = [
    { url = "https://files.pythonhosted.org/packages/6e/20/68a278a6f93fa36e21cfc3d7599399a8a831225644eb3b6b18755cd3d6fc/greenlet-3.0.3-cp311-cp311-macosx_11_0_universal2.whl", hash = "sha256:b1b5667cced97081bf57b8fa1d6bfca67814b0afd38208d52538316e9422fc61", size = 271666 },
    { url = "https://files.pythonhosted.org/packages/21/b4/90e06e07c78513ab03855768200bdb35c8e764e805b3f14fb488e56f82dc/greenlet-3.0.3-cp311-cp311-manylinux_2_17_aarch64.manylinux2014_aarch64.whl", hash = "sha256:52f59dd9c96ad2fc0d5724107444f76eb20aaccb675bf825df6435acb7703559", size = 657689 },
    { url = "https://files.pythonhosted.org/packages/f6/a2/0ed21078039072f9dc738bbf3af12b103a84106b1385ac4723841f846ce7/greenlet-3.0.3-cp311-cp311-manylinux_2_17_ppc64le.manylinux2014_ppc64le.whl", hash = "sha256:afaff6cf5200befd5cec055b07d1c0a5a06c040fe5ad148abcd11ba6ab9b114e", size = 673009 },
    { url = "https://files.pythonhosted.org/packages/42/11/42ad6b1104c357826bbee7d7b9e4f24dbd9fde94899a03efb004aab62963/greenlet-3.0.3-cp311-cp311-manylinux_2_17_s390x.manylinux2014_s390x.whl", hash = "sha256:fe754d231288e1e64323cfad462fcee8f0288654c10bdf4f603a39ed923bef33", size = 667432 },
    { url = "https://files.pythonhosted.org/packages/bb/6b/384dee7e0121cbd1757bdc1824a5ee28e43d8d4e3f99aa59521f629442fe/greenlet-3.0.3-cp311-cp311-manylinux_2_17_x86_64.manylinux2014_x86_64.whl", hash = "sha256:2797aa5aedac23af156bbb5a6aa2cd3427ada2972c828244eb7d1b9255846379", size = 667442 },
    { url = "https://files.pythonhosted.org/packages/c6/1f/12d5a6cc26e8b483c2e7975f9c22e088ac735c0d8dcb8a8f72d31a4e5f04/greenlet-3.0.3-cp311-cp311-manylinux_2_24_x86_64.manylinux_2_28_x86_64.whl", hash = "sha256:b7f009caad047246ed379e1c4dbcb8b020f0a390667ea74d2387be2998f58a22", size = 620032 },
    { url = "https://files.pythonhosted.org/packages/c7/ec/85b647e59e0f137c7792a809156f413e38379cf7f3f2e1353c37f4be4026/greenlet-3.0.3-cp311-cp311-musllinux_1_1_aarch64.whl", hash = "sha256:c5e1536de2aad7bf62e27baf79225d0d64360d4168cf2e6becb91baf1ed074f3", size = 1154218 },
    { url = "https://files.pythonhosted.org/packages/94/ed/1e5f4bca691a81700e5a88e86d6f0e538acb10188cd2cc17140e523255ef/greenlet-3.0.3-cp311-cp311-musllinux_1_1_x86_64.whl", hash = "sha256:894393ce10ceac937e56ec00bb71c4c2f8209ad516e96033e4b3b1de270e200d", size = 1180754 },
    { url = "https://files.pythonhosted.org/packages/47/79/26d54d7d700ef65b689fc2665a40846d13e834da0486674a8d4f0f371a47/greenlet-3.0.3-cp311-cp311-win_amd64.whl", hash = "sha256:1ea188d4f49089fc6fb283845ab18a2518d279c7cd9da1065d7a84e991748728", size = 292822 },
    { url = "https://files.pythonhosted.org/packages/a2/2f/461615adc53ba81e99471303b15ac6b2a6daa8d2a0f7f77fd15605e16d5b/greenlet-3.0.3-cp312-cp312-macosx_11_0_universal2.whl", hash = "sha256:70fb482fdf2c707765ab5f0b6655e9cfcf3780d8d87355a063547b41177599be", size = 273085 },
    { url = "https://files.pythonhosted.org/packages/e9/55/2c3cfa3cdbb940cf7321fbcf544f0e9c74898eed43bf678abf416812d132/greenlet-3.0.3-cp312-cp312-manylinux_2_17_aarch64.manylinux2014_aarch64.whl", hash = "sha256:d4d1ac74f5c0c0524e4a24335350edad7e5f03b9532da7ea4d3c54d527784f2e", size = 660514 },
    { url = "https://files.pythonhosted.org/packages/38/77/efb21ab402651896c74f24a172eb4d7479f9f53898bd5e56b9e20bb24ffd/greenlet-3.0.3-cp312-cp312-manylinux_2_17_ppc64le.manylinux2014_ppc64le.whl", hash = "sha256:149e94a2dd82d19838fe4b2259f1b6b9957d5ba1b25640d2380bea9c5df37676", size = 674295 },
    { url = "https://files.pythonhosted.org/packages/74/3a/92f188ace0190f0066dca3636cf1b09481d0854c46e92ec5e29c7cefe5b1/greenlet-3.0.3-cp312-cp312-manylinux_2_17_s390x.manylinux2014_s390x.whl", hash = "sha256:15d79dd26056573940fcb8c7413d84118086f2ec1a8acdfa854631084393efcc", size = 669395 },
    { url = "https://files.pythonhosted.org/packages/63/0f/847ed02cdfce10f0e6e3425cd054296bddb11a17ef1b34681fa01a055187/greenlet-3.0.3-cp312-cp312-manylinux_2_17_x86_64.manylinux2014_x86_64.whl", hash = "sha256:881b7db1ebff4ba09aaaeae6aa491daeb226c8150fc20e836ad00041bcb11230", size = 670455 },
    { url = "https://files.pythonhosted.org/packages/bd/37/56b0da468a85e7704f3b2bc045015301bdf4be2184a44868c71f6dca6fe2/greenlet-3.0.3-cp312-cp312-manylinux_2_24_x86_64.manylinux_2_28_x86_64.whl", hash = "sha256:fcd2469d6a2cf298f198f0487e0a5b1a47a42ca0fa4dfd1b6862c999f018ebbf", size = 625692 },
    { url = "https://files.pythonhosted.org/packages/7c/68/b5f4084c0a252d7e9c0d95fc1cfc845d08622037adb74e05be3a49831186/greenlet-3.0.3-cp312-cp312-musllinux_1_1_aarch64.whl", hash = "sha256:1f672519db1796ca0d8753f9e78ec02355e862d0998193038c7073045899f305", size = 1152597 },
    { url = "https://files.pythonhosted.org/packages/a4/fa/31e22345518adcd69d1d6ab5087a12c178aa7f3c51103f6d5d702199d243/greenlet-3.0.3-cp312-cp312-musllinux_1_1_x86_64.whl", hash = "sha256:2516a9957eed41dd8f1ec0c604f1cdc86758b587d964668b5b196a9db5bfcde6", size = 1181043 },
    { url = "https://files.pythonhosted.org/packages/53/80/3d94d5999b4179d91bcc93745d1b0815b073d61be79dd546b840d17adb18/greenlet-3.0.3-cp312-cp312-win_amd64.whl", hash = "sha256:bba5387a6975598857d86de9eac14210a49d554a77eb8261cc68b7d082f78ce2", size = 293635 },
]

[[distribution]]
name = "playwright"
version = "1.45.1"
source = { registry = "https://pypi.org/simple" }
dependencies = [
    { name = "greenlet" },
    { name = "pyee" },
]
wheels = [
    { url = "https://files.pythonhosted.org/packages/a7/fe/23b5ed477aa950723718c2e6c6d6d1f3f27078011a57d927d15f6cf9db40/playwright-1.45.1-py3-none-macosx_10_13_x86_64.whl", hash = "sha256:360607e37c00cdf97c74317f010e106ac4671aeaec6a192431dd71a30941da9d", size = 34742943 },
    { url = "https://files.pythonhosted.org/packages/75/94/d36563b81df071205865b7ccb374a0f523ad7f351a5eb27bfb2625a93a97/playwright-1.45.1-py3-none-macosx_11_0_arm64.whl", hash = "sha256:20adc2abf164c5e8969f9066011b152e12c210549edec78cd05bd0e9cf4135b7", size = 33060239 },
    { url = "https://files.pythonhosted.org/packages/ab/aa/7b7e8d89cc77150c05f7f82cc04cc37faf715be8324f69c4781f3a35c3cc/playwright-1.45.1-py3-none-macosx_11_0_universal2.whl", hash = "sha256:5f047cdc6accf4c7084dfc7587a2a5ef790cddc44cbb111e471293c5a91119db", size = 34742939 },
    { url = "https://files.pythonhosted.org/packages/8c/9c/54b161852448d4c3c15b78ecd55b2ac73f7aeda1caf0f4069f9fc0459088/playwright-1.45.1-py3-none-manylinux1_x86_64.whl", hash = "sha256:f06f6659abe0abf263e5f6661d379fbf85c112745dd31d82332ceae914f58df7", size = 37857420 },
    { url = "https://files.pythonhosted.org/packages/eb/43/d2fa94806abdaaa9a6ce47d6b5888ddc1b0d1a5794b6ec6eea9fe73a072d/playwright-1.45.1-py3-none-manylinux_2_17_aarch64.manylinux2014_aarch64.whl", hash = "sha256:87dc3b3d17e12c68830c29b7fdf5e93315221bbb4c6090e83e967e154e2c1828", size = 37601594 },
    { url = "https://files.pythonhosted.org/packages/69/49/6d3be3cc6702bbd7fa5b162e5cb8a79139956c8155eeb0ee39768dae636c/playwright-1.45.1-py3-none-win32.whl", hash = "sha256:2b8f517886ef1e2151982f6e7be84be3ef7d8135bdcf8ee705b4e4e99566e866", size = 29688335 },
    { url = "https://files.pythonhosted.org/packages/ab/78/779da49df6e036aaafbe47d1f55c95571855d6c5b4915bed41ab730412b5/playwright-1.45.1-py3-none-win_amd64.whl", hash = "sha256:0d236cf427784e77de352ba1b7d700693c5fe455b8e5f627f6d84ad5b84b5bf5", size = 29688336 },
]

[[distribution]]
name = "pyee"
version = "11.1.0"
source = { registry = "https://pypi.org/simple" }
dependencies = [
    { name = "typing-extensions" },
]
sdist = { url = "https://files.pythonhosted.org/packages/f7/22/b4c7f3d9579204a014c4eda0e019e6bfe56af52a96cacc82004b60eec079/pyee-11.1.0.tar.gz", hash = "sha256:b53af98f6990c810edd9b56b87791021a8f54fd13db4edd1142438d44ba2263f", size = 29806 }
wheels = [
    { url = "https://files.pythonhosted.org/packages/16/cc/5cea8a0a0d3deb90b5a0d39ad1a6a1ccaa40a9ea86d793eb8a49d32a6ed0/pyee-11.1.0-py3-none-any.whl", hash = "sha256:5d346a7d0f861a4b2e6c47960295bd895f816725b27d656181947346be98d7c1", size = 15263 },
]

[[distribution]]
name = "ruff"
version = "0.5.6"
source = { registry = "https://pypi.org/simple" }
sdist = { url = "https://files.pythonhosted.org/packages/f7/69/96766da2cdb5605e6a31ef2734aff0be17901cefb385b885c2ab88896d76/ruff-0.5.6.tar.gz", hash = "sha256:07c9e3c2a8e1fe377dd460371c3462671a728c981c3205a5217291422209f642", size = 2444466 }
wheels = [
    { url = "https://files.pythonhosted.org/packages/85/54/af603686de0e9ba6c1798bd83d335e345e7c9ce4deed95a1071448bb6563/ruff-0.5.6-py3-none-linux_armv6l.whl", hash = "sha256:a0ef5930799a05522985b9cec8290b185952f3fcd86c1772c3bdbd732667fdcd", size = 9543715 },
    { url = "https://files.pythonhosted.org/packages/81/86/b22d250e1be2dcd11c749817d0cfe8be37efce6e6862c92ea037bedf6df9/ruff-0.5.6-py3-none-macosx_10_12_x86_64.whl", hash = "sha256:b652dc14f6ef5d1552821e006f747802cc32d98d5509349e168f6bf0ee9f8f42", size = 8662814 },
    { url = "https://files.pythonhosted.org/packages/d2/e2/f97c58797fac1c7dd8226becfed55056fa7bbfb6d9c2e93900f2a27b540e/ruff-0.5.6-py3-none-macosx_11_0_arm64.whl", hash = "sha256:80521b88d26a45e871f31e4b88938fd87db7011bb961d8afd2664982dfc3641a", size = 8230427 },
    { url = "https://files.pythonhosted.org/packages/24/70/9f00cf1e2b50476751808ac6ebbfaa6dab3abab5514058f6bbca28a790bc/ruff-0.5.6-py3-none-manylinux_2_17_aarch64.manylinux2014_aarch64.whl", hash = "sha256:d9bc8f328a9f1309ae80e4d392836e7dbc77303b38ed4a7112699e63d3b066ab", size = 9976713 },
    { url = "https://files.pythonhosted.org/packages/9b/02/309b171d867d819b7c76c46489597341ce85d70fefa05102a95130440005/ruff-0.5.6-py3-none-manylinux_2_17_armv7l.manylinux2014_armv7l.whl", hash = "sha256:4d394940f61f7720ad371ddedf14722ee1d6250fd8d020f5ea5a86e7be217daf", size = 9345335 },
    { url = "https://files.pythonhosted.org/packages/37/42/74b84b97815a0b940f1438ff554ead1405d2556ff8e2da58d3c3068a2093/ruff-0.5.6-py3-none-manylinux_2_17_i686.manylinux2014_i686.whl", hash = "sha256:111a99cdb02f69ddb2571e2756e017a1496c2c3a2aeefe7b988ddab38b416d36", size = 10140380 },
    { url = "https://files.pythonhosted.org/packages/47/0c/705b979fe814498dfc3977bcdbf8c47059d2ed37b1c2128f1b77612eea82/ruff-0.5.6-py3-none-manylinux_2_17_ppc64.manylinux2014_ppc64.whl", hash = "sha256:e395daba77a79f6dc0d07311f94cc0560375ca20c06f354c7c99af3bf4560c5d", size = 10853490 },
    { url = "https://files.pythonhosted.org/packages/56/f1/400cc9a533fadba676783a2116526d1c26063d3228105bc75fa1c32a092b/ruff-0.5.6-py3-none-manylinux_2_17_ppc64le.manylinux2014_ppc64le.whl", hash = "sha256:c476acb43c3c51e3c614a2e878ee1589655fa02dab19fe2db0423a06d6a5b1b6", size = 10425500 },
    { url = "https://files.pythonhosted.org/packages/f3/cd/f2cf6bc23a4293e3f8c365138f7279eea9179d1c4d3e09546d64daea40da/ruff-0.5.6-py3-none-manylinux_2_17_s390x.manylinux2014_s390x.whl", hash = "sha256:e2ff8003f5252fd68425fd53d27c1f08b201d7ed714bb31a55c9ac1d4c13e2eb", size = 11407463 },
    { url = "https://files.pythonhosted.org/packages/f8/cc/227428f39f8834d281b6d18f84f53e08a840ed63dec259e5e5e502284cec/ruff-0.5.6-py3-none-manylinux_2_17_x86_64.manylinux2014_x86_64.whl", hash = "sha256:c94e084ba3eaa80c2172918c2ca2eb2230c3f15925f4ed8b6297260c6ef179ad", size = 10160402 },
    { url = "https://files.pythonhosted.org/packages/f3/61/218890d960ca146d3822e981a34834995081f3b741b82ca2585fd5ebc521/ruff-0.5.6-py3-none-musllinux_1_2_aarch64.whl", hash = "sha256:1f77c1c3aa0669fb230b06fb24ffa3e879391a3ba3f15e3d633a752da5a3e670", size = 9971344 },
    { url = "https://files.pythonhosted.org/packages/f1/20/bd444745ff7b51e497332ecf3f550bb62871dd24d61960997049fdbed268/ruff-0.5.6-py3-none-musllinux_1_2_armv7l.whl", hash = "sha256:f908148c93c02873210a52cad75a6eda856b2cbb72250370ce3afef6fb99b1ed", size = 9417963 },
    { url = "https://files.pythonhosted.org/packages/30/03/69b6d3735f284d93324ca31e36316574501130393f1a8e328a74775f4fb5/ruff-0.5.6-py3-none-musllinux_1_2_i686.whl", hash = "sha256:563a7ae61ad284187d3071d9041c08019975693ff655438d8d4be26e492760bd", size = 9769870 },
    { url = "https://files.pythonhosted.org/packages/7f/19/1c86dc40abef457124bb4abf90c68688eb2c7f9944903240c3b93d511360/ruff-0.5.6-py3-none-musllinux_1_2_x86_64.whl", hash = "sha256:94fe60869bfbf0521e04fd62b74cbca21cbc5beb67cbb75ab33fe8c174f54414", size = 10229991 },
    { url = "https://files.pythonhosted.org/packages/65/a7/60a19f3cfccdea5815bc31971f523f5b2ecd08162b05d1a0d5b8c37dff59/ruff-0.5.6-py3-none-win32.whl", hash = "sha256:e6a584c1de6f8591c2570e171cc7ce482bb983d49c70ddf014393cd39e9dfaed", size = 7789030 },
    { url = "https://files.pythonhosted.org/packages/27/c6/b51987072bba4a56537b6fc7036d9bf0694a9de6cceddaa0761475658632/ruff-0.5.6-py3-none-win_amd64.whl", hash = "sha256:d7fe7dccb1a89dc66785d7aa0ac283b2269712d8ed19c63af908fdccca5ccc1a", size = 8690520 },
    { url = "https://files.pythonhosted.org/packages/c0/b1/712801cf487fd78554029b02f980e24531f5994e2bf79b7ac55c1659dd52/ruff-0.5.6-py3-none-win_arm64.whl", hash = "sha256:57c6c0dd997b31b536bff49b9eee5ed3194d60605a4427f735eeb1f9c1b8d264", size = 8101938 },
]

[[distribution]]
name = "typing-extensions"
version = "4.12.2"
source = { registry = "https://pypi.org/simple" }
sdist = { url = "https://files.pythonhosted.org/packages/df/db/f35a00659bc03fec321ba8bce9420de607a1d37f8342eee1863174c69557/typing_extensions-4.12.2.tar.gz", hash = "sha256:1a7ead55c7e559dd4dee8856e3a88b41225abfe1ce8df57b7c13915fe121ffb8", size = 85321 }
wheels = [
    { url = "https://files.pythonhosted.org/packages/26/9f/ad63fc0248c5379346306f8668cda6e2e2e9c95e01216d2b8ffd9ff037d0/typing_extensions-4.12.2-py3-none-any.whl", hash = "sha256:04e5ca0351e0f3f85c6853954072df659d0d13fac324d0072316b67d7794700d", size = 37438 },
]
